// !$*UTF8*$!
{
	archiveVersion = 1;
	classes = {
	};
	objectVersion = 50;
	objects = {

/* Begin PBXBuildFile section */
		7C43021324CD2F940000DB63 /* AppDelegate.swift in Sources */ = {isa = PBXBuildFile; fileRef = 7C43021224CD2F940000DB63 /* AppDelegate.swift */; };
		7C43021524CD2F940000DB63 /* SceneDelegate.swift in Sources */ = {isa = PBXBuildFile; fileRef = 7C43021424CD2F940000DB63 /* SceneDelegate.swift */; };
		7C43021724CD2F940000DB63 /* ViewController.swift in Sources */ = {isa = PBXBuildFile; fileRef = 7C43021624CD2F940000DB63 /* ViewController.swift */; };
		7C43021A24CD2F940000DB63 /* Main.storyboard in Resources */ = {isa = PBXBuildFile; fileRef = 7C43021824CD2F940000DB63 /* Main.storyboard */; };
		7C43021C24CD2F9C0000DB63 /* Assets.xcassets in Resources */ = {isa = PBXBuildFile; fileRef = 7C43021B24CD2F9C0000DB63 /* Assets.xcassets */; };
		7C43021F24CD2F9C0000DB63 /* LaunchScreen.storyboard in Resources */ = {isa = PBXBuildFile; fileRef = 7C43021D24CD2F9C0000DB63 /* LaunchScreen.storyboard */; };
		7C43022724CD3A740000DB63 /* ImageViewCintroller.swift in Sources */ = {isa = PBXBuildFile; fileRef = 7C43022624CD3A740000DB63 /* ImageViewCintroller.swift */; };
		7C43022924D023910000DB63 /* CoursesView Controller.swift in Sources */ = {isa = PBXBuildFile; fileRef = 7C43022824D023910000DB63 /* CoursesView Controller.swift */; };
		7C43022B24D023B40000DB63 /* WebViewController.swift in Sources */ = {isa = PBXBuildFile; fileRef = 7C43022A24D023B40000DB63 /* WebViewController.swift */; };
		7C43022D24DF973A0000DB63 /* Course.swift in Sources */ = {isa = PBXBuildFile; fileRef = 7C43022C24DF973A0000DB63 /* Course.swift */; };
		7C43022F24DFF5300000DB63 /* WebsiteDescription.swift in Sources */ = {isa = PBXBuildFile; fileRef = 7C43022E24DFF5300000DB63 /* WebsiteDescription.swift */; };
		7C43023124E3A03A0000DB63 /* TableViewCell.swift in Sources */ = {isa = PBXBuildFile; fileRef = 7C43023024E3A03A0000DB63 /* TableViewCell.swift */; };
/* End PBXBuildFile section */

/* Begin PBXFileReference section */
		7C43020F24CD2F940000DB63 /* Networking2.app */ = {isa = PBXFileReference; explicitFileType = wrapper.application; includeInIndex = 0; path = Networking2.app; sourceTree = BUILT_PRODUCTS_DIR; };
		7C43021224CD2F940000DB63 /* AppDelegate.swift */ = {isa = PBXFileReference; lastKnownFileType = sourcecode.swift; path = AppDelegate.swift; sourceTree = "<group>"; };
		7C43021424CD2F940000DB63 /* SceneDelegate.swift */ = {isa = PBXFileReference; lastKnownFileType = sourcecode.swift; path = SceneDelegate.swift; sourceTree = "<group>"; };
		7C43021624CD2F940000DB63 /* ViewController.swift */ = {isa = PBXFileReference; lastKnownFileType = sourcecode.swift; path = ViewController.swift; sourceTree = "<group>"; };
		7C43021924CD2F940000DB63 /* Base */ = {isa = PBXFileReference; lastKnownFileType = file.storyboard; name = Base; path = Base.lproj/Main.storyboard; sourceTree = "<group>"; };
		7C43021B24CD2F9C0000DB63 /* Assets.xcassets */ = {isa = PBXFileReference; lastKnownFileType = folder.assetcatalog; path = Assets.xcassets; sourceTree = "<group>"; };
		7C43021E24CD2F9C0000DB63 /* Base */ = {isa = PBXFileReference; lastKnownFileType = file.storyboard; name = Base; path = Base.lproj/LaunchScreen.storyboard; sourceTree = "<group>"; };
		7C43022024CD2F9C0000DB63 /* Info.plist */ = {isa = PBXFileReference; lastKnownFileType = text.plist.xml; path = Info.plist; sourceTree = "<group>"; };
		7C43022624CD3A740000DB63 /* ImageViewCintroller.swift */ = {isa = PBXFileReference; lastKnownFileType = sourcecode.swift; path = ImageViewCintroller.swift; sourceTree = "<group>"; };
		7C43022824D023910000DB63 /* CoursesView Controller.swift */ = {isa = PBXFileReference; lastKnownFileType = sourcecode.swift; path = "CoursesView Controller.swift"; sourceTree = "<group>"; };
		7C43022A24D023B40000DB63 /* WebViewController.swift */ = {isa = PBXFileReference; lastKnownFileType = sourcecode.swift; path = WebViewController.swift; sourceTree = "<group>"; };
		7C43022C24DF973A0000DB63 /* Course.swift */ = {isa = PBXFileReference; lastKnownFileType = sourcecode.swift; path = Course.swift; sourceTree = "<group>"; };
		7C43022E24DFF5300000DB63 /* WebsiteDescription.swift */ = {isa = PBXFileReference; lastKnownFileType = sourcecode.swift; path = WebsiteDescription.swift; sourceTree = "<group>"; };
		7C43023024E3A03A0000DB63 /* TableViewCell.swift */ = {isa = PBXFileReference; lastKnownFileType = sourcecode.swift; path = TableViewCell.swift; sourceTree = "<group>"; };
/* End PBXFileReference section */

/* Begin PBXFrameworksBuildPhase section */
		7C43020C24CD2F940000DB63 /* Frameworks */ = {
			isa = PBXFrameworksBuildPhase;
			buildActionMask = 2147483647;
			files = (
			);
			runOnlyForDeploymentPostprocessing = 0;
		};
/* End PBXFrameworksBuildPhase section */

/* Begin PBXGroup section */
		7C43020624CD2F940000DB63 = {
			isa = PBXGroup;
			children = (
				7C43021124CD2F940000DB63 /* Networking2 */,
				7C43021024CD2F940000DB63 /* Products */,
			);
			sourceTree = "<group>";
		};
		7C43021024CD2F940000DB63 /* Products */ = {
			isa = PBXGroup;
			children = (
				7C43020F24CD2F940000DB63 /* Networking2.app */,
			);
			name = Products;
			sourceTree = "<group>";
		};
		7C43021124CD2F940000DB63 /* Networking2 */ = {
			isa = PBXGroup;
			children = (
				7C43021224CD2F940000DB63 /* AppDelegate.swift */,
				7C43021424CD2F940000DB63 /* SceneDelegate.swift */,
				7C43022624CD3A740000DB63 /* ImageViewCintroller.swift */,
				7C43021624CD2F940000DB63 /* ViewController.swift */,
				7C43021824CD2F940000DB63 /* Main.storyboard */,
				7C43023024E3A03A0000DB63 /* TableViewCell.swift */,
				7C43021B24CD2F9C0000DB63 /* Assets.xcassets */,
				7C43021D24CD2F9C0000DB63 /* LaunchScreen.storyboard */,
				7C43022024CD2F9C0000DB63 /* Info.plist */,
				7C43022824D023910000DB63 /* CoursesView Controller.swift */,
				7C43022E24DFF5300000DB63 /* WebsiteDescription.swift */,
				7C43022A24D023B40000DB63 /* WebViewController.swift */,
				7C43022C24DF973A0000DB63 /* Course.swift */,
			);
			path = Networking2;
			sourceTree = "<group>";
		};
/* End PBXGroup section */

/* Begin PBXNativeTarget section */
		7C43020E24CD2F940000DB63 /* Networking2 */ = {
			isa = PBXNativeTarget;
			buildConfigurationList = 7C43022324CD2F9C0000DB63 /* Build configuration list for PBXNativeTarget "Networking2" */;
			buildPhases = (
				7C43020B24CD2F940000DB63 /* Sources */,
				7C43020C24CD2F940000DB63 /* Frameworks */,
				7C43020D24CD2F940000DB63 /* Resources */,
			);
			buildRules = (
			);
			dependencies = (
			);
			name = Networking2;
			productName = Networking2;
			productReference = 7C43020F24CD2F940000DB63 /* Networking2.app */;
			productType = "com.apple.product-type.application";
		};
/* End PBXNativeTarget section */

/* Begin PBXProject section */
		7C43020724CD2F940000DB63 /* Project object */ = {
			isa = PBXProject;
			attributes = {
				LastSwiftUpdateCheck = 1150;
				LastUpgradeCheck = 1150;
				ORGANIZATIONNAME = Lisa;
				TargetAttributes = {
					7C43020E24CD2F940000DB63 = {
						CreatedOnToolsVersion = 11.5;
					};
				};
			};
			buildConfigurationList = 7C43020A24CD2F940000DB63 /* Build configuration list for PBXProject "Networking2" */;
			compatibilityVersion = "Xcode 9.3";
			developmentRegion = en;
			hasScannedForEncodings = 0;
			knownRegions = (
				en,
				Base,
			);
			mainGroup = 7C43020624CD2F940000DB63;
			productRefGroup = 7C43021024CD2F940000DB63 /* Products */;
			projectDirPath = "";
			projectRoot = "";
			targets = (
				7C43020E24CD2F940000DB63 /* Networking2 */,
			);
		};
/* End PBXProject section */

/* Begin PBXResourcesBuildPhase section */
		7C43020D24CD2F940000DB63 /* Resources */ = {
			isa = PBXResourcesBuildPhase;
			buildActionMask = 2147483647;
			files = (
				7C43021F24CD2F9C0000DB63 /* LaunchScreen.storyboard in Resources */,
				7C43021C24CD2F9C0000DB63 /* Assets.xcassets in Resources */,
				7C43021A24CD2F940000DB63 /* Main.storyboard in Resources */,
			);
			runOnlyForDeploymentPostprocessing = 0;
		};
/* End PBXResourcesBuildPhase section */

/* Begin PBXSourcesBuildPhase section */
		7C43020B24CD2F940000DB63 /* Sources */ = {
			isa = PBXSourcesBuildPhase;
			buildActionMask = 2147483647;
			files = (
				7C43022924D023910000DB63 /* CoursesView Controller.swift in Sources */,
				7C43022D24DF973A0000DB63 /* Course.swift in Sources */,
				7C43022F24DFF5300000DB63 /* WebsiteDescription.swift in Sources */,
				7C43023124E3A03A0000DB63 /* TableViewCell.swift in Sources */,
				7C43022B24D023B40000DB63 /* WebViewController.swift in Sources */,
				7C43022724CD3A740000DB63 /* ImageViewCintroller.swift in Sources */,
				7C43021724CD2F940000DB63 /* ViewController.swift in Sources */,
				7C43021324CD2F940000DB63 /* AppDelegate.swift in Sources */,
				7C43021524CD2F940000DB63 /* SceneDelegate.swift in Sources */,
			);
			runOnlyForDeploymentPostprocessing = 0;
		};
/* End PBXSourcesBuildPhase section */

/* Begin PBXVariantGroup section */
		7C43021824CD2F940000DB63 /* Main.storyboard */ = {
			isa = PBXVariantGroup;
			children = (
				7C43021924CD2F940000DB63 /* Base */,
			);
			name = Main.storyboard;
			sourceTree = "<group>";
		};
		7C43021D24CD2F9C0000DB63 /* LaunchScreen.storyboard */ = {
			isa = PBXVariantGroup;
			children = (
				7C43021E24CD2F9C0000DB63 /* Base */,
			);
			name = LaunchScreen.storyboard;
			sourceTree = "<group>";
		};
/* End PBXVariantGroup section */

/* Begin XCBuildConfiguration section */
		7C43022124CD2F9C0000DB63 /* Debug */ = {
			isa = XCBuildConfiguration;
			buildSettings = {
				ALWAYS_SEARCH_USER_PATHS = NO;
				CLANG_ANALYZER_NONNULL = YES;
				CLANG_ANALYZER_NUMBER_OBJECT_CONVERSION = YES_AGGRESSIVE;
				CLANG_CXX_LANGUAGE_STANDARD = "gnu++14";
				CLANG_CXX_LIBRARY = "libc++";
				CLANG_ENABLE_MODULES = YES;
				CLANG_ENABLE_OBJC_ARC = YES;
				CLANG_ENABLE_OBJC_WEAK = YES;
				CLANG_WARN_BLOCK_CAPTURE_AUTORELEASING = YES;
				CLANG_WARN_BOOL_CONVERSION = YES;
				CLANG_WARN_COMMA = YES;
				CLANG_WARN_CONSTANT_CONVERSION = YES;
				CLANG_WARN_DEPRECATED_OBJC_IMPLEMENTATIONS = YES;
				CLANG_WARN_DIRECT_OBJC_ISA_USAGE = YES_ERROR;
				CLANG_WARN_DOCUMENTATION_COMMENTS = YES;
				CLANG_WARN_EMPTY_BODY = YES;
				CLANG_WARN_ENUM_CONVERSION = YES;
				CLANG_WARN_INFINITE_RECURSION = YES;
				CLANG_WARN_INT_CONVERSION = YES;
				CLANG_WARN_NON_LITERAL_NULL_CONVERSION = YES;
				CLANG_WARN_OBJC_IMPLICIT_RETAIN_SELF = YES;
				CLANG_WARN_OBJC_LITERAL_CONVERSION = YES;
				CLANG_WARN_OBJC_ROOT_CLASS = YES_ERROR;
				CLANG_WARN_RANGE_LOOP_ANALYSIS = YES;
				CLANG_WARN_STRICT_PROTOTYPES = YES;
				CLANG_WARN_SUSPICIOUS_MOVE = YES;
				CLANG_WARN_UNGUARDED_AVAILABILITY = YES_AGGRESSIVE;
				CLANG_WARN_UNREACHABLE_CODE = YES;
				CLANG_WARN__DUPLICATE_METHOD_MATCH = YES;
				COPY_PHASE_STRIP = NO;
				DEBUG_INFORMATION_FORMAT = dwarf;
				ENABLE_STRICT_OBJC_MSGSEND = YES;
				ENABLE_TESTABILITY = YES;
				GCC_C_LANGUAGE_STANDARD = gnu11;
				GCC_DYNAMIC_NO_PIC = NO;
				GCC_NO_COMMON_BLOCKS = YES;
				GCC_OPTIMIZATION_LEVEL = 0;
				GCC_PREPROCESSOR_DEFINITIONS = (
					"DEBUG=1",
					"$(inherited)",
				);
				GCC_WARN_64_TO_32_BIT_CONVERSION = YES;
				GCC_WARN_ABOUT_RETURN_TYPE = YES_ERROR;
				GCC_WARN_UNDECLARED_SELECTOR = YES;
				GCC_WARN_UNINITIALIZED_AUTOS = YES_AGGRESSIVE;
				GCC_WARN_UNUSED_FUNCTION = YES;
				GCC_WARN_UNUSED_VARIABLE = YES;
				IPHONEOS_DEPLOYMENT_TARGET = 13.5;
				MTL_ENABLE_DEBUG_INFO = INCLUDE_SOURCE;
				MTL_FAST_MATH = YES;
				ONLY_ACTIVE_ARCH = YES;
				SDKROOT = iphoneos;
				SWIFT_ACTIVE_COMPILATION_CONDITIONS = DEBUG;
				SWIFT_OPTIMIZATION_LEVEL = "-Onone";
			};
			name = Debug;
		};
		7C43022224CD2F9C0000DB63 /* Release */ = {
			isa = XCBuildConfiguration;
			buildSettings = {
				ALWAYS_SEARCH_USER_PATHS = NO;
				CLANG_ANALYZER_NONNULL = YES;
				CLANG_ANALYZER_NUMBER_OBJECT_CONVERSION = YES_AGGRESSIVE;
				CLANG_CXX_LANGUAGE_STANDARD = "gnu++14";
				CLANG_CXX_LIBRARY = "libc++";
				CLANG_ENABLE_MODULES = YES;
				CLANG_ENABLE_OBJC_ARC = YES;
				CLANG_ENABLE_OBJC_WEAK = YES;
				CLANG_WARN_BLOCK_CAPTURE_AUTORELEASING = YES;
				CLANG_WARN_BOOL_CONVERSION = YES;
				CLANG_WARN_COMMA = YES;
				CLANG_WARN_CONSTANT_CONVERSION = YES;
				CLANG_WARN_DEPRECATED_OBJC_IMPLEMENTATIONS = YES;
				CLANG_WARN_DIRECT_OBJC_ISA_USAGE = YES_ERROR;
				CLANG_WARN_DOCUMENTATION_COMMENTS = YES;
				CLANG_WARN_EMPTY_BODY = YES;
				CLANG_WARN_ENUM_CONVERSION = YES;
				CLANG_WARN_INFINITE_RECURSION = YES;
				CLANG_WARN_INT_CONVERSION = YES;
				CLANG_WARN_NON_LITERAL_NULL_CONVERSION = YES;
				CLANG_WARN_OBJC_IMPLICIT_RETAIN_SELF = YES;
				CLANG_WARN_OBJC_LITERAL_CONVERSION = YES;
				CLANG_WARN_OBJC_ROOT_CLASS = YES_ERROR;
				CLANG_WARN_RANGE_LOOP_ANALYSIS = YES;
				CLANG_WARN_STRICT_PROTOTYPES = YES;
				CLANG_WARN_SUSPICIOUS_MOVE = YES;
				CLANG_WARN_UNGUARDED_AVAILABILITY = YES_AGGRESSIVE;
				CLANG_WARN_UNREACHABLE_CODE = YES;
				CLANG_WARN__DUPLICATE_METHOD_MATCH = YES;
				COPY_PHASE_STRIP = NO;
				DEBUG_INFORMATION_FORMAT = "dwarf-with-dsym";
				ENABLE_NS_ASSERTIONS = NO;
				ENABLE_STRICT_OBJC_MSGSEND = YES;
				GCC_C_LANGUAGE_STANDARD = gnu11;
				GCC_NO_COMMON_BLOCKS = YES;
				GCC_WARN_64_TO_32_BIT_CONVERSION = YES;
				GCC_WARN_ABOUT_RETURN_TYPE = YES_ERROR;
				GCC_WARN_UNDECLARED_SELECTOR = YES;
				GCC_WARN_UNINITIALIZED_AUTOS = YES_AGGRESSIVE;
				GCC_WARN_UNUSED_FUNCTION = YES;
				GCC_WARN_UNUSED_VARIABLE = YES;
				IPHONEOS_DEPLOYMENT_TARGET = 13.5;
				MTL_ENABLE_DEBUG_INFO = NO;
				MTL_FAST_MATH = YES;
				SDKROOT = iphoneos;
				SWIFT_COMPILATION_MODE = wholemodule;
				SWIFT_OPTIMIZATION_LEVEL = "-O";
				VALIDATE_PRODUCT = YES;
			};
			name = Release;
		};
		7C43022424CD2F9C0000DB63 /* Debug */ = {
			isa = XCBuildConfiguration;
			buildSettings = {
				ASSETCATALOG_COMPILER_APPICON_NAME = AppIcon;
				CODE_SIGN_STYLE = Automatic;
				INFOPLIST_FILE = Networking2/Info.plist;
				LD_RUNPATH_SEARCH_PATHS = (
					"$(inherited)",
					"@executable_path/Frameworks",
				);
				PRODUCT_BUNDLE_IDENTIFIER = Lisa.Networking2;
				PRODUCT_NAME = "$(TARGET_NAME)";
				SWIFT_VERSION = 5.0;
				TARGETED_DEVICE_FAMILY = "1,2";
			};
			name = Debug;
		};
		7C43022524CD2F9C0000DB63 /* Release */ = {
			isa = XCBuildConfiguration;
			buildSettings = {
				ASSETCATALOG_COMPILER_APPICON_NAME = AppIcon;
				CODE_SIGN_STYLE = Automatic;
				INFOPLIST_FILE = Networking2/Info.plist;
				LD_RUNPATH_SEARCH_PATHS = (
					"$(inherited)",
					"@executable_path/Frameworks",
				);
				PRODUCT_BUNDLE_IDENTIFIER = Lisa.Networking2;
				PRODUCT_NAME = "$(TARGET_NAME)";
				SWIFT_VERSION = 5.0;
				TARGETED_DEVICE_FAMILY = "1,2";
			};
			name = Release;
		};
/* End XCBuildConfiguration section */

/* Begin XCConfigurationList section */
		7C43020A24CD2F940000DB63 /* Build configuration list for PBXProject "Networking2" */ = {
			isa = XCConfigurationList;
			buildConfigurations = (
				7C43022124CD2F9C0000DB63 /* Debug */,
				7C43022224CD2F9C0000DB63 /* Release */,
			);
			defaultConfigurationIsVisible = 0;
			defaultConfigurationName = Release;
		};
		7C43022324CD2F9C0000DB63 /* Build configuration list for PBXNativeTarget "Networking2" */ = {
			isa = XCConfigurationList;
			buildConfigurations = (
				7C43022424CD2F9C0000DB63 /* Debug */,
				7C43022524CD2F9C0000DB63 /* Release */,
			);
			defaultConfigurationIsVisible = 0;
			defaultConfigurationName = Release;
		};
/* End XCConfigurationList section */
	};
	rootObject = 7C43020724CD2F940000DB63 /* Project object */;
}
